{
  "name": "client",
  "lockfileVersion": 3,
  "requires": true,
  "packages": {
    "": {
      "dependencies": {
        "material-components-web-elm": "^9.1.0"
      }
    },
    "node_modules/material-components-web-elm": {
      "version": "9.1.0",
      "resolved": "https://registry.npmjs.org/material-components-web-elm/-/material-components-web-elm-9.1.0.tgz",
      "integrity": "sha512-t+Xz8K9XKRUbMCiMIujYJ6f4mvATTaGGXbkKTOcei1YjN5/ICMil8lMRBCVPkZ42gZVaqG6Xx3Fkcb1Zvs4zEA=="
    }
  }
}
